// !$*UTF8*$!
{
	archiveVersion = 1;
	classes = {
	};
	objectVersion = 51;
	objects = {

/* Begin PBXBuildFile section */
		156821C5DBCD999518DA0AC9 /* Pods_VKFeed.framework in Frameworks */ = {isa = PBXBuildFile; fileRef = FC5E47A79D7B48157220CFED /* Pods_VKFeed.framework */; };
		B196E23624D598410090439E /* AppDelegate.swift in Sources */ = {isa = PBXBuildFile; fileRef = B196E23524D598410090439E /* AppDelegate.swift */; };
		B196E23824D598410090439E /* SceneDelegate.swift in Sources */ = {isa = PBXBuildFile; fileRef = B196E23724D598410090439E /* SceneDelegate.swift */; };
		B196E23A24D598410090439E /* AuthorizationViewController.swift in Sources */ = {isa = PBXBuildFile; fileRef = B196E23924D598410090439E /* AuthorizationViewController.swift */; };
		B196E23F24D598430090439E /* Assets.xcassets in Resources */ = {isa = PBXBuildFile; fileRef = B196E23E24D598430090439E /* Assets.xcassets */; };
		B196E24224D598430090439E /* LaunchScreen.storyboard in Resources */ = {isa = PBXBuildFile; fileRef = B196E24024D598430090439E /* LaunchScreen.storyboard */; };
		B1B8249424D81CB400123296 /* FeedViewController.swift in Sources */ = {isa = PBXBuildFile; fileRef = B1B8249324D81CB400123296 /* FeedViewController.swift */; };
		B1C29AC924D6AD0000702B16 /* AuthorizationManager.swift in Sources */ = {isa = PBXBuildFile; fileRef = B1C29AC824D6AD0000702B16 /* AuthorizationManager.swift */; };
/* End PBXBuildFile section */

/* Begin PBXFileReference section */
		59CDC62E4D98E17DC20F10EB /* Pods-VKFeed.debug.xcconfig */ = {isa = PBXFileReference; includeInIndex = 1; lastKnownFileType = text.xcconfig; name = "Pods-VKFeed.debug.xcconfig"; path = "Target Support Files/Pods-VKFeed/Pods-VKFeed.debug.xcconfig"; sourceTree = "<group>"; };
		AAE7BAB488C1A42A771BF4BE /* Pods-VKFeed.release.xcconfig */ = {isa = PBXFileReference; includeInIndex = 1; lastKnownFileType = text.xcconfig; name = "Pods-VKFeed.release.xcconfig"; path = "Target Support Files/Pods-VKFeed/Pods-VKFeed.release.xcconfig"; sourceTree = "<group>"; };
		B196E23224D598410090439E /* VKFeed.app */ = {isa = PBXFileReference; explicitFileType = wrapper.application; includeInIndex = 0; path = VKFeed.app; sourceTree = BUILT_PRODUCTS_DIR; };
		B196E23524D598410090439E /* AppDelegate.swift */ = {isa = PBXFileReference; lastKnownFileType = sourcecode.swift; path = AppDelegate.swift; sourceTree = "<group>"; };
		B196E23724D598410090439E /* SceneDelegate.swift */ = {isa = PBXFileReference; lastKnownFileType = sourcecode.swift; path = SceneDelegate.swift; sourceTree = "<group>"; };
		B196E23924D598410090439E /* AuthorizationViewController.swift */ = {isa = PBXFileReference; lastKnownFileType = sourcecode.swift; path = AuthorizationViewController.swift; sourceTree = "<group>"; };
		B196E23E24D598430090439E /* Assets.xcassets */ = {isa = PBXFileReference; lastKnownFileType = folder.assetcatalog; path = Assets.xcassets; sourceTree = "<group>"; };
		B196E24124D598430090439E /* Base */ = {isa = PBXFileReference; lastKnownFileType = file.storyboard; name = Base; path = Base.lproj/LaunchScreen.storyboard; sourceTree = "<group>"; };
		B196E24324D598430090439E /* Info.plist */ = {isa = PBXFileReference; lastKnownFileType = text.plist.xml; path = Info.plist; sourceTree = "<group>"; };
		B1B8249324D81CB400123296 /* FeedViewController.swift */ = {isa = PBXFileReference; lastKnownFileType = sourcecode.swift; path = FeedViewController.swift; sourceTree = "<group>"; };
		B1C29AC824D6AD0000702B16 /* AuthorizationManager.swift */ = {isa = PBXFileReference; lastKnownFileType = sourcecode.swift; path = AuthorizationManager.swift; sourceTree = "<group>"; };
		FC5E47A79D7B48157220CFED /* Pods_VKFeed.framework */ = {isa = PBXFileReference; explicitFileType = wrapper.framework; includeInIndex = 0; path = Pods_VKFeed.framework; sourceTree = BUILT_PRODUCTS_DIR; };
/* End PBXFileReference section */

/* Begin PBXFrameworksBuildPhase section */
		B196E22F24D598410090439E /* Frameworks */ = {
			isa = PBXFrameworksBuildPhase;
			buildActionMask = 2147483647;
			files = (
				156821C5DBCD999518DA0AC9 /* Pods_VKFeed.framework in Frameworks */,
			);
			runOnlyForDeploymentPostprocessing = 0;
		};
/* End PBXFrameworksBuildPhase section */

/* Begin PBXGroup section */
		76775FDA26AC754CC833E945 /* Pods */ = {
			isa = PBXGroup;
			children = (
				59CDC62E4D98E17DC20F10EB /* Pods-VKFeed.debug.xcconfig */,
				AAE7BAB488C1A42A771BF4BE /* Pods-VKFeed.release.xcconfig */,
			);
			path = Pods;
			sourceTree = "<group>";
		};
		A5147890632373FD9DF1CBFE /* Frameworks */ = {
			isa = PBXGroup;
			children = (
				FC5E47A79D7B48157220CFED /* Pods_VKFeed.framework */,
			);
			name = Frameworks;
			sourceTree = "<group>";
		};
		B196E22924D598410090439E = {
			isa = PBXGroup;
			children = (
				B196E23424D598410090439E /* VKFeed */,
				B196E23324D598410090439E /* Products */,
				76775FDA26AC754CC833E945 /* Pods */,
				A5147890632373FD9DF1CBFE /* Frameworks */,
			);
			sourceTree = "<group>";
		};
		B196E23324D598410090439E /* Products */ = {
			isa = PBXGroup;
			children = (
				B196E23224D598410090439E /* VKFeed.app */,
			);
			name = Products;
			sourceTree = "<group>";
		};
		B196E23424D598410090439E /* VKFeed */ = {
			isa = PBXGroup;
			children = (
				B196E23524D598410090439E /* AppDelegate.swift */,
				B196E23724D598410090439E /* SceneDelegate.swift */,
				B196E23924D598410090439E /* AuthorizationViewController.swift */,
				B1B8249324D81CB400123296 /* FeedViewController.swift */,
				B1C29AC824D6AD0000702B16 /* AuthorizationManager.swift */,
				B196E23E24D598430090439E /* Assets.xcassets */,
				B196E24024D598430090439E /* LaunchScreen.storyboard */,
				B196E24324D598430090439E /* Info.plist */,
			);
			path = VKFeed;
			sourceTree = "<group>";
		};
/* End PBXGroup section */

/* Begin PBXNativeTarget section */
		B196E23124D598410090439E /* VKFeed */ = {
			isa = PBXNativeTarget;
			buildConfigurationList = B196E24624D598430090439E /* Build configuration list for PBXNativeTarget "VKFeed" */;
			buildPhases = (
				0A3815E824F8A984694212CA /* [CP] Check Pods Manifest.lock */,
				B196E22E24D598410090439E /* Sources */,
				B196E22F24D598410090439E /* Frameworks */,
				B196E23024D598410090439E /* Resources */,
				580A79119C1D174CEEF22BD6 /* [CP] Embed Pods Frameworks */,
			);
			buildRules = (
			);
			dependencies = (
			);
			name = VKFeed;
			productName = VKFeed;
			productReference = B196E23224D598410090439E /* VKFeed.app */;
			productType = "com.apple.product-type.application";
		};
/* End PBXNativeTarget section */

/* Begin PBXProject section */
		B196E22A24D598410090439E /* Project object */ = {
			isa = PBXProject;
			attributes = {
				LastSwiftUpdateCheck = 1140;
				LastUpgradeCheck = 1140;
				ORGANIZATIONNAME = "Stepan Usiantsev";
				TargetAttributes = {
					B196E23124D598410090439E = {
						CreatedOnToolsVersion = 11.4;
					};
				};
			};
			buildConfigurationList = B196E22D24D598410090439E /* Build configuration list for PBXProject "VKFeed" */;
			compatibilityVersion = "Xcode 9.3";
			developmentRegion = en;
			hasScannedForEncodings = 0;
			knownRegions = (
				en,
				Base,
			);
			mainGroup = B196E22924D598410090439E;
			productRefGroup = B196E23324D598410090439E /* Products */;
			projectDirPath = "";
			projectRoot = "";
			targets = (
				B196E23124D598410090439E /* VKFeed */,
			);
		};
/* End PBXProject section */

/* Begin PBXResourcesBuildPhase section */
		B196E23024D598410090439E /* Resources */ = {
			isa = PBXResourcesBuildPhase;
			buildActionMask = 2147483647;
			files = (
				B196E24224D598430090439E /* LaunchScreen.storyboard in Resources */,
				B196E23F24D598430090439E /* Assets.xcassets in Resources */,
			);
			runOnlyForDeploymentPostprocessing = 0;
		};
/* End PBXResourcesBuildPhase section */

/* Begin PBXShellScriptBuildPhase section */
		0A3815E824F8A984694212CA /* [CP] Check Pods Manifest.lock */ = {
			isa = PBXShellScriptBuildPhase;
			buildActionMask = 2147483647;
			files = (
			);
			inputFileListPaths = (
			);
			inputPaths = (
				"${PODS_PODFILE_DIR_PATH}/Podfile.lock",
				"${PODS_ROOT}/Manifest.lock",
			);
			name = "[CP] Check Pods Manifest.lock";
			outputFileListPaths = (
			);
			outputPaths = (
				"$(DERIVED_FILE_DIR)/Pods-VKFeed-checkManifestLockResult.txt",
			);
			runOnlyForDeploymentPostprocessing = 0;
			shellPath = /bin/sh;
			shellScript = "diff \"${PODS_PODFILE_DIR_PATH}/Podfile.lock\" \"${PODS_ROOT}/Manifest.lock\" > /dev/null\nif [ $? != 0 ] ; then\n    # print error to STDERR\n    echo \"error: The sandbox is not in sync with the Podfile.lock. Run 'pod install' or update your CocoaPods installation.\" >&2\n    exit 1\nfi\n# This output is used by Xcode 'outputs' to avoid re-running this script phase.\necho \"SUCCESS\" > \"${SCRIPT_OUTPUT_FILE_0}\"\n";
			showEnvVarsInLog = 0;
		};
		580A79119C1D174CEEF22BD6 /* [CP] Embed Pods Frameworks */ = {
			isa = PBXShellScriptBuildPhase;
			buildActionMask = 2147483647;
			files = (
			);
			inputFileListPaths = (
				"${PODS_ROOT}/Target Support Files/Pods-VKFeed/Pods-VKFeed-frameworks-${CONFIGURATION}-input-files.xcfilelist",
			);
			name = "[CP] Embed Pods Frameworks";
			outputFileListPaths = (
				"${PODS_ROOT}/Target Support Files/Pods-VKFeed/Pods-VKFeed-frameworks-${CONFIGURATION}-output-files.xcfilelist",
			);
			runOnlyForDeploymentPostprocessing = 0;
			shellPath = /bin/sh;
			shellScript = "\"${PODS_ROOT}/Target Support Files/Pods-VKFeed/Pods-VKFeed-frameworks.sh\"\n";
			showEnvVarsInLog = 0;
		};
/* End PBXShellScriptBuildPhase section */

/* Begin PBXSourcesBuildPhase section */
		B196E22E24D598410090439E /* Sources */ = {
			isa = PBXSourcesBuildPhase;
			buildActionMask = 2147483647;
			files = (
				B196E23A24D598410090439E /* AuthorizationViewController.swift in Sources */,
				B1C29AC924D6AD0000702B16 /* AuthorizationManager.swift in Sources */,
				B1B8249424D81CB400123296 /* FeedViewController.swift in Sources */,
				B196E23624D598410090439E /* AppDelegate.swift in Sources */,
				B196E23824D598410090439E /* SceneDelegate.swift in Sources */,
			);
			runOnlyForDeploymentPostprocessing = 0;
		};
/* End PBXSourcesBuildPhase section */

/* Begin PBXVariantGroup section */
		B196E24024D598430090439E /* LaunchScreen.storyboard */ = {
			isa = PBXVariantGroup;
			children = (
				B196E24124D598430090439E /* Base */,
			);
			name = LaunchScreen.storyboard;
			sourceTree = "<group>";
		};
/* End PBXVariantGroup section */

/* Begin XCBuildConfiguration section */
		B196E24424D598430090439E /* Debug */ = {
			isa = XCBuildConfiguration;
			buildSettings = {
				ALWAYS_SEARCH_USER_PATHS = NO;
				CLANG_ANALYZER_NONNULL = YES;
				CLANG_ANALYZER_NUMBER_OBJECT_CONVERSION = YES_AGGRESSIVE;
				CLANG_CXX_LANGUAGE_STANDARD = "gnu++14";
				CLANG_CXX_LIBRARY = "libc++";
				CLANG_ENABLE_MODULES = YES;
				CLANG_ENABLE_OBJC_ARC = YES;
				CLANG_ENABLE_OBJC_WEAK = YES;
				CLANG_WARN_BLOCK_CAPTURE_AUTORELEASING = YES;
				CLANG_WARN_BOOL_CONVERSION = YES;
				CLANG_WARN_COMMA = YES;
				CLANG_WARN_CONSTANT_CONVERSION = YES;
				CLANG_WARN_DEPRECATED_OBJC_IMPLEMENTATIONS = YES;
				CLANG_WARN_DIRECT_OBJC_ISA_USAGE = YES_ERROR;
				CLANG_WARN_DOCUMENTATION_COMMENTS = YES;
				CLANG_WARN_EMPTY_BODY = YES;
				CLANG_WARN_ENUM_CONVERSION = YES;
				CLANG_WARN_INFINITE_RECURSION = YES;
				CLANG_WARN_INT_CONVERSION = YES;
				CLANG_WARN_NON_LITERAL_NULL_CONVERSION = YES;
				CLANG_WARN_OBJC_IMPLICIT_RETAIN_SELF = YES;
				CLANG_WARN_OBJC_LITERAL_CONVERSION = YES;
				CLANG_WARN_OBJC_ROOT_CLASS = YES_ERROR;
				CLANG_WARN_RANGE_LOOP_ANALYSIS = YES;
				CLANG_WARN_STRICT_PROTOTYPES = YES;
				CLANG_WARN_SUSPICIOUS_MOVE = YES;
				CLANG_WARN_UNGUARDED_AVAILABILITY = YES_AGGRESSIVE;
				CLANG_WARN_UNREACHABLE_CODE = YES;
				CLANG_WARN__DUPLICATE_METHOD_MATCH = YES;
				COPY_PHASE_STRIP = NO;
				DEBUG_INFORMATION_FORMAT = dwarf;
				ENABLE_STRICT_OBJC_MSGSEND = YES;
				ENABLE_TESTABILITY = YES;
				GCC_C_LANGUAGE_STANDARD = gnu11;
				GCC_DYNAMIC_NO_PIC = NO;
				GCC_NO_COMMON_BLOCKS = YES;
				GCC_OPTIMIZATION_LEVEL = 0;
				GCC_PREPROCESSOR_DEFINITIONS = (
					"DEBUG=1",
					"$(inherited)",
				);
				GCC_WARN_64_TO_32_BIT_CONVERSION = YES;
				GCC_WARN_ABOUT_RETURN_TYPE = YES_ERROR;
				GCC_WARN_UNDECLARED_SELECTOR = YES;
				GCC_WARN_UNINITIALIZED_AUTOS = YES_AGGRESSIVE;
				GCC_WARN_UNUSED_FUNCTION = YES;
				GCC_WARN_UNUSED_VARIABLE = YES;
				IPHONEOS_DEPLOYMENT_TARGET = 13.4;
				MTL_ENABLE_DEBUG_INFO = INCLUDE_SOURCE;
				MTL_FAST_MATH = YES;
				ONLY_ACTIVE_ARCH = YES;
				SDKROOT = iphoneos;
				SWIFT_ACTIVE_COMPILATION_CONDITIONS = DEBUG;
				SWIFT_OPTIMIZATION_LEVEL = "-Onone";
			};
			name = Debug;
		};
		B196E24524D598430090439E /* Release */ = {
			isa = XCBuildConfiguration;
			buildSettings = {
				ALWAYS_SEARCH_USER_PATHS = NO;
				CLANG_ANALYZER_NONNULL = YES;
				CLANG_ANALYZER_NUMBER_OBJECT_CONVERSION = YES_AGGRESSIVE;
				CLANG_CXX_LANGUAGE_STANDARD = "gnu++14";
				CLANG_CXX_LIBRARY = "libc++";
				CLANG_ENABLE_MODULES = YES;
				CLANG_ENABLE_OBJC_ARC = YES;
				CLANG_ENABLE_OBJC_WEAK = YES;
				CLANG_WARN_BLOCK_CAPTURE_AUTORELEASING = YES;
				CLANG_WARN_BOOL_CONVERSION = YES;
				CLANG_WARN_COMMA = YES;
				CLANG_WARN_CONSTANT_CONVERSION = YES;
				CLANG_WARN_DEPRECATED_OBJC_IMPLEMENTATIONS = YES;
				CLANG_WARN_DIRECT_OBJC_ISA_USAGE = YES_ERROR;
				CLANG_WARN_DOCUMENTATION_COMMENTS = YES;
				CLANG_WARN_EMPTY_BODY = YES;
				CLANG_WARN_ENUM_CONVERSION = YES;
				CLANG_WARN_INFINITE_RECURSION = YES;
				CLANG_WARN_INT_CONVERSION = YES;
				CLANG_WARN_NON_LITERAL_NULL_CONVERSION = YES;
				CLANG_WARN_OBJC_IMPLICIT_RETAIN_SELF = YES;
				CLANG_WARN_OBJC_LITERAL_CONVERSION = YES;
				CLANG_WARN_OBJC_ROOT_CLASS = YES_ERROR;
				CLANG_WARN_RANGE_LOOP_ANALYSIS = YES;
				CLANG_WARN_STRICT_PROTOTYPES = YES;
				CLANG_WARN_SUSPICIOUS_MOVE = YES;
				CLANG_WARN_UNGUARDED_AVAILABILITY = YES_AGGRESSIVE;
				CLANG_WARN_UNREACHABLE_CODE = YES;
				CLANG_WARN__DUPLICATE_METHOD_MATCH = YES;
				COPY_PHASE_STRIP = NO;
				DEBUG_INFORMATION_FORMAT = "dwarf-with-dsym";
				ENABLE_NS_ASSERTIONS = NO;
				ENABLE_STRICT_OBJC_MSGSEND = YES;
				GCC_C_LANGUAGE_STANDARD = gnu11;
				GCC_NO_COMMON_BLOCKS = YES;
				GCC_WARN_64_TO_32_BIT_CONVERSION = YES;
				GCC_WARN_ABOUT_RETURN_TYPE = YES_ERROR;
				GCC_WARN_UNDECLARED_SELECTOR = YES;
				GCC_WARN_UNINITIALIZED_AUTOS = YES_AGGRESSIVE;
				GCC_WARN_UNUSED_FUNCTION = YES;
				GCC_WARN_UNUSED_VARIABLE = YES;
				IPHONEOS_DEPLOYMENT_TARGET = 13.4;
				MTL_ENABLE_DEBUG_INFO = NO;
				MTL_FAST_MATH = YES;
				SDKROOT = iphoneos;
				SWIFT_COMPILATION_MODE = wholemodule;
				SWIFT_OPTIMIZATION_LEVEL = "-O";
				VALIDATE_PRODUCT = YES;
			};
			name = Release;
		};
		B196E24724D598430090439E /* Debug */ = {
			isa = XCBuildConfiguration;
			baseConfigurationReference = 59CDC62E4D98E17DC20F10EB /* Pods-VKFeed.debug.xcconfig */;
			buildSettings = {
				ASSETCATALOG_COMPILER_APPICON_NAME = AppIcon;
				CODE_SIGN_STYLE = Automatic;
				DEVELOPMENT_TEAM = 9F4WFMQ34H;
				INFOPLIST_FILE = VKFeed/Info.plist;
				IPHONEOS_DEPLOYMENT_TARGET = 12.0;
				LD_RUNPATH_SEARCH_PATHS = (
					"$(inherited)",
					"@executable_path/Frameworks",
				);
				PRODUCT_BUNDLE_IDENTIFIER = com.StepanUsiantsev.VKFeed;
				PRODUCT_NAME = "$(TARGET_NAME)";
				SWIFT_VERSION = 5.0;
				TARGETED_DEVICE_FAMILY = 1;
			};
			name = Debug;
		};
		B196E24824D598430090439E /* Release */ = {
			isa = XCBuildConfiguration;
			baseConfigurationReference = AAE7BAB488C1A42A771BF4BE /* Pods-VKFeed.release.xcconfig */;
			buildSettings = {
				ASSETCATALOG_COMPILER_APPICON_NAME = AppIcon;
				CODE_SIGN_STYLE = Automatic;
				DEVELOPMENT_TEAM = 9F4WFMQ34H;
				INFOPLIST_FILE = VKFeed/Info.plist;
				IPHONEOS_DEPLOYMENT_TARGET = 12.0;
				LD_RUNPATH_SEARCH_PATHS = (
					"$(inherited)",
					"@executable_path/Frameworks",
				);
				PRODUCT_BUNDLE_IDENTIFIER = com.StepanUsiantsev.VKFeed;
				PRODUCT_NAME = "$(TARGET_NAME)";
				SWIFT_VERSION = 5.0;
				TARGETED_DEVICE_FAMILY = 1;
			};
			name = Release;
		};
/* End XCBuildConfiguration section */

/* Begin XCConfigurationList section */
		B196E22D24D598410090439E /* Build configuration list for PBXProject "VKFeed" */ = {
			isa = XCConfigurationList;
			buildConfigurations = (
				B196E24424D598430090439E /* Debug */,
				B196E24524D598430090439E /* Release */,
			);
			defaultConfigurationIsVisible = 0;
			defaultConfigurationName = Release;
		};
		B196E24624D598430090439E /* Build configuration list for PBXNativeTarget "VKFeed" */ = {
			isa = XCConfigurationList;
			buildConfigurations = (
				B196E24724D598430090439E /* Debug */,
				B196E24824D598430090439E /* Release */,
			);
			defaultConfigurationIsVisible = 0;
			defaultConfigurationName = Release;
		};
/* End XCConfigurationList section */
	};
	rootObject = B196E22A24D598410090439E /* Project object */;
}
